{
  "name": "doclab",
  "lockfileVersion": 3,
  "requires": true,
  "packages": {
    "": {
      "dependencies": {
        "@typescript-eslint/scope-manager": "^6.8.0"
      }
    },
    "node_modules/@typescript-eslint/scope-manager": {
      "version": "6.8.0",
      "resolved": "https://registry.npmjs.org/@typescript-eslint/scope-manager/-/scope-manager-6.8.0.tgz",
      "integrity": "sha512-xe0HNBVwCph7rak+ZHcFD6A+q50SMsFwcmfdjs9Kz4qDh5hWhaPhFjRs/SODEhroBI5Ruyvyz9LfwUJ624O40g==",
      "dependencies": {
        "@typescript-eslint/types": "6.8.0",
        "@typescript-eslint/visitor-keys": "6.8.0"
      },
      "engines": {
        "node": "^16.0.0 || >=18.0.0"
      },
      "funding": {
        "type": "opencollective",
        "url": "https://opencollective.com/typescript-eslint"
      }
    },
    "node_modules/@typescript-eslint/types": {
      "version": "6.8.0",
      "resolved": "https://registry.npmjs.org/@typescript-eslint/types/-/types-6.8.0.tgz",
      "integrity": "sha512-p5qOxSum7W3k+llc7owEStXlGmSl8FcGvhYt8Vjy7FqEnmkCVlM3P57XQEGj58oqaBWDQXbJDZxwUWMS/EAPNQ==",
      "engines": {
        "node": "^16.0.0 || >=18.0.0"
      },
      "funding": {
        "type": "opencollective",
        "url": "https://opencollective.com/typescript-eslint"
      }
    },
    "node_modules/@typescript-eslint/visitor-keys": {
      "version": "6.8.0",
      "resolved": "https://registry.npmjs.org/@typescript-eslint/visitor-keys/-/visitor-keys-6.8.0.tgz",
      "integrity": "sha512-oqAnbA7c+pgOhW2OhGvxm0t1BULX5peQI/rLsNDpGM78EebV3C9IGbX5HNZabuZ6UQrYveCLjKo8Iy/lLlBkkg==",
      "dependencies": {
        "@typescript-eslint/types": "6.8.0",
        "eslint-visitor-keys": "^3.4.1"
      },
      "engines": {
        "node": "^16.0.0 || >=18.0.0"
      },
      "funding": {
        "type": "opencollective",
        "url": "https://opencollective.com/typescript-eslint"
      }
    },
    "node_modules/eslint-visitor-keys": {
      "version": "3.4.3",
      "resolved": "https://registry.npmjs.org/eslint-visitor-keys/-/eslint-visitor-keys-3.4.3.tgz",
      "integrity": "sha512-wpc+LXeiyiisxPlEkUzU6svyS1frIO3Mgxj1fdy7Pm8Ygzguax2N3Fa/D/ag1WqbOprdI+uY6wMUl8/a2G+iag==",
      "engines": {
        "node": "^12.22.0 || ^14.17.0 || >=16.0.0"
      },
      "funding": {
        "url": "https://opencollective.com/eslint"
      }
    }
  }
}
